
Microsoft Visual Studio Solution File, Format Version 12.00
# Visual Studio Version 16
VisualStudioVersion = 16.0.31005.135
MinimumVisualStudioVersion = 10.0.40219.1
Project("{2150E333-8FDC-42A3-9474-1A3956D46DE8}") = "FrontEnd", "FrontEnd", "{C44A514C-8619-4DBB-8923-A0AD3540EEE8}"
EndProject
Project("{9A19103F-16F7-4668-BE54-9A1E7A4F7556}") = "TpAPP", "TpAPP\TpAPP.csproj", "{FCA890F5-4FAF-40DB-A4D2-2E3594DAD24F}"
EndProject
Project("{2150E333-8FDC-42A3-9474-1A3956D46DE8}") = "Services", "Services", "{C600B6B7-1A9F-4C16-BD21-DDF2AB5E901C}"
EndProject
Project("{9A19103F-16F7-4668-BE54-9A1E7A4F7556}") = "TppApp.Services.ProductAPI", "TppApp.Services\TppApp.Services.ProductAPI.csproj", "{40C64E41-EF57-4786-B07E-D506AD950755}"
EndProject
Project("{9A19103F-16F7-4668-BE54-9A1E7A4F7556}") = "TpAPP.Services.Identity", "TpAPP.Identity\TpAPP.Services.Identity.csproj", "{7CE7C73D-D4D5-4CD8-A4D5-64C3281CB954}"
EndProject
Project("{9A19103F-16F7-4668-BE54-9A1E7A4F7556}") = "TpAPP.Services.ShoppingCartAPI", "TpAPP.Services.ShoppingCartAPI\TpAPP.Services.ShoppingCartAPI.csproj", "{05C05B1C-191B-429C-B249-22DD2CC112B9}"
EndProject
Project("{9A19103F-16F7-4668-BE54-9A1E7A4F7556}") = "TpAPP.Services.CouponAPI", "TpAPP.Services.CouponAPI\TpAPP.Services.CouponAPI.csproj", "{A2EDB484-DBA6-43A0-88F9-BF4F22A56D6E}"
EndProject
Project("{2150E333-8FDC-42A3-9474-1A3956D46DE8}") = "Integration", "Integration", "{13E8418F-41B2-48B3-B67C-850E58EC8446}"
EndProject
Project("{9A19103F-16F7-4668-BE54-9A1E7A4F7556}") = "TpAPP.MessageBus", "TpAPP.MessageBus\TpAPP.MessageBus.csproj", "{59C5364E-6011-4826-A2D1-6E443E2C6505}"
EndProject
Project("{FAE04EC0-301F-11D3-BF4B-00C04F79EFBC}") = "TpAPP.Services.OrderAPI", "TpAPP.Services.OrderAPI\TpAPP.Services.OrderAPI.csproj", "{582C923A-6842-4A25-95CA-C5F955C60117}"
EndProject
Global
	GlobalSection(SolutionConfigurationPlatforms) = preSolution
		Debug|Any CPU = Debug|Any CPU
		Release|Any CPU = Release|Any CPU
	EndGlobalSection
	GlobalSection(ProjectConfigurationPlatforms) = postSolution
		{FCA890F5-4FAF-40DB-A4D2-2E3594DAD24F}.Debug|Any CPU.ActiveCfg = Debug|Any CPU
		{FCA890F5-4FAF-40DB-A4D2-2E3594DAD24F}.Debug|Any CPU.Build.0 = Debug|Any CPU
		{FCA890F5-4FAF-40DB-A4D2-2E3594DAD24F}.Release|Any CPU.ActiveCfg = Release|Any CPU
		{FCA890F5-4FAF-40DB-A4D2-2E3594DAD24F}.Release|Any CPU.Build.0 = Release|Any CPU
		{40C64E41-EF57-4786-B07E-D506AD950755}.Debug|Any CPU.ActiveCfg = Debug|Any CPU
		{40C64E41-EF57-4786-B07E-D506AD950755}.Debug|Any CPU.Build.0 = Debug|Any CPU
		{40C64E41-EF57-4786-B07E-D506AD950755}.Release|Any CPU.ActiveCfg = Release|Any CPU
		{40C64E41-EF57-4786-B07E-D506AD950755}.Release|Any CPU.Build.0 = Release|Any CPU
		{7CE7C73D-D4D5-4CD8-A4D5-64C3281CB954}.Debug|Any CPU.ActiveCfg = Debug|Any CPU
		{7CE7C73D-D4D5-4CD8-A4D5-64C3281CB954}.Debug|Any CPU.Build.0 = Debug|Any CPU
		{7CE7C73D-D4D5-4CD8-A4D5-64C3281CB954}.Release|Any CPU.ActiveCfg = Release|Any CPU
		{7CE7C73D-D4D5-4CD8-A4D5-64C3281CB954}.Release|Any CPU.Build.0 = Release|Any CPU
		{05C05B1C-191B-429C-B249-22DD2CC112B9}.Debug|Any CPU.ActiveCfg = Debug|Any CPU
		{05C05B1C-191B-429C-B249-22DD2CC112B9}.Debug|Any CPU.Build.0 = Debug|Any CPU
		{05C05B1C-191B-429C-B249-22DD2CC112B9}.Release|Any CPU.ActiveCfg = Release|Any CPU
		{05C05B1C-191B-429C-B249-22DD2CC112B9}.Release|Any CPU.Build.0 = Release|Any CPU
		{A2EDB484-DBA6-43A0-88F9-BF4F22A56D6E}.Debug|Any CPU.ActiveCfg = Debug|Any CPU
		{A2EDB484-DBA6-43A0-88F9-BF4F22A56D6E}.Debug|Any CPU.Build.0 = Debug|Any CPU
		{A2EDB484-DBA6-43A0-88F9-BF4F22A56D6E}.Release|Any CPU.ActiveCfg = Release|Any CPU
		{A2EDB484-DBA6-43A0-88F9-BF4F22A56D6E}.Release|Any CPU.Build.0 = Release|Any CPU
		{59C5364E-6011-4826-A2D1-6E443E2C6505}.Debug|Any CPU.ActiveCfg = Debug|Any CPU
		{59C5364E-6011-4826-A2D1-6E443E2C6505}.Debug|Any CPU.Build.0 = Debug|Any CPU
		{59C5364E-6011-4826-A2D1-6E443E2C6505}.Release|Any CPU.ActiveCfg = Release|Any CPU
		{59C5364E-6011-4826-A2D1-6E443E2C6505}.Release|Any CPU.Build.0 = Release|Any CPU
		{582C923A-6842-4A25-95CA-C5F955C60117}.Debug|Any CPU.ActiveCfg = Debug|Any CPU
		{582C923A-6842-4A25-95CA-C5F955C60117}.Debug|Any CPU.Build.0 = Debug|Any CPU
		{582C923A-6842-4A25-95CA-C5F955C60117}.Release|Any CPU.ActiveCfg = Release|Any CPU
		{582C923A-6842-4A25-95CA-C5F955C60117}.Release|Any CPU.Build.0 = Release|Any CPU
	EndGlobalSection
	GlobalSection(SolutionProperties) = preSolution
		HideSolutionNode = FALSE
	EndGlobalSection
	GlobalSection(NestedProjects) = preSolution
		{FCA890F5-4FAF-40DB-A4D2-2E3594DAD24F} = {C44A514C-8619-4DBB-8923-A0AD3540EEE8}
		{40C64E41-EF57-4786-B07E-D506AD950755} = {C600B6B7-1A9F-4C16-BD21-DDF2AB5E901C}
		{7CE7C73D-D4D5-4CD8-A4D5-64C3281CB954} = {C600B6B7-1A9F-4C16-BD21-DDF2AB5E901C}
		{05C05B1C-191B-429C-B249-22DD2CC112B9} = {C600B6B7-1A9F-4C16-BD21-DDF2AB5E901C}
		{A2EDB484-DBA6-43A0-88F9-BF4F22A56D6E} = {C600B6B7-1A9F-4C16-BD21-DDF2AB5E901C}
		{13E8418F-41B2-48B3-B67C-850E58EC8446} = {C44A514C-8619-4DBB-8923-A0AD3540EEE8}
		{59C5364E-6011-4826-A2D1-6E443E2C6505} = {13E8418F-41B2-48B3-B67C-850E58EC8446}
		{582C923A-6842-4A25-95CA-C5F955C60117} = {C600B6B7-1A9F-4C16-BD21-DDF2AB5E901C}
	EndGlobalSection
	GlobalSection(ExtensibilityGlobals) = postSolution
		SolutionGuid = {5EBD7600-AA27-4AFD-AEE4-11B4B5F47AF5}
	EndGlobalSection
EndGlobal
